# This file was autogenerated by Stack.
# You should not edit this file by hand.
# For more information, please see the documentation at:
#   https://docs.haskellstack.org/en/stable/lock_files

packages:
- completed:
    hackage: rio-prettyprint-0.1.0.0@sha256:764e1a357275c3c62d57c494d038feae01cf745788e7d0e97367ba793c9670c3,1359
    pantry-tree:
      size: 479
      sha256: 42fad9af672080b144bb60eb91af251ab35ce41bb931c44cfb584414648935e5
  original:
    hackage: rio-prettyprint-0.1.0.0@sha256:764e1a357275c3c62d57c494d038feae01cf745788e7d0e97367ba793c9670c3,1359
- completed:
    hackage: ansi-terminal-0.9.1@sha256:48f53532d0f365ffa568c8cf0adc84c66f800a7d80d3329e4f04fa75392f4af1,3225
    pantry-tree:
      size: 1461
      sha256: 4686b1fdd2b74598eb83d35f447e4520d58d6534b5277a6f2bfaaa258bf1f833
  original:
    hackage: ansi-terminal-0.9.1@sha256:48f53532d0f365ffa568c8cf0adc84c66f800a7d80d3329e4f04fa75392f4af1,3225
- completed:
    hackage: rio-0.1.11.0@sha256:3ee5162199e5fc036ffe5b9459b6169471ce1b4fa53fa0bf8dcd1c7d9192728d,3633
    pantry-tree:
      size: 4745
      sha256: 88fcb5cef887a9cf664d3edad27421c37dc9534eb4752f224467d544c61c7fce
  original:
    hackage: rio-0.1.11.0@sha256:3ee5162199e5fc036ffe5b9459b6169471ce1b4fa53fa0bf8dcd1c7d9192728d,3633
- completed:
    hackage: unliftio-0.2.12@sha256:b089fbc2ff2628a963c2c4b12143f2020874e3e5144ffd6c62b25639a0ca1483,3325
    pantry-tree:
      size: 2229
      sha256: 4971b43f3d473eff868eb1a0c359729b49f1779e78c462ba45ef0d1eda677699
  original:
    hackage: unliftio-0.2.12@sha256:b089fbc2ff2628a963c2c4b12143f2020874e3e5144ffd6c62b25639a0ca1483,3325
snapshots:
- completed:
    size: 500539
    url: https://raw.githubusercontent.com/commercialhaskell/stackage-snapshots/master/lts/13/28.yaml
    sha256: cdde1bfb38fdee21c6acb73d506e78f7e12e0a73892adbbbe56374ebef4d3adf
  original: lts-13.28
